dependencies:
  espressif/esp_lcd_touch:
    component_hash: 805a51c99c8b532ee762a77a03a49b9f5ca2b45413faea63d2146ec85cfcdee2
    source:
      service_url: https://api.components.espressif.com/
      type: service
    version: 1.0.3
  idf:
    component_hash: null
    source:
      type: idf
    version: 4.4.3
manifest_hash: 9902ec3364346763e652f6469da19931846a828153bd1e12a60045f3653c664a
target: esp32s3
version: 1.0.0
