dependencies:
  espressif/esp_lcd_touch:
    component_hash: 6fd1de1f41775813d24c8c6454c4e4a88b72a8120e8ae2c1a2190d1479c7bccf
    source:
      service_url: https://api.components.espressif.com/
      type: service
    version: 1.0.2
  idf:
    component_hash: null
    source:
      type: idf
    version: 4.4.2
manifest_hash: 7caf81e7f0bb28c2c5a286619553b1664504d8dd7ca72d644edd59852c053582
target: esp32s3
version: 1.0.0
